
Microsoft Visual Studio Solution File, Format Version 12.00
# Visual Studio Version 17
VisualStudioVersion = 17.8.34316.72
MinimumVisualStudioVersion = 10.0.40219.1
Project("{FAE04EC0-301F-11D3-BF4B-00C04F79EFBC}") = "DogWithExceptions", "DogWithExceptions.csproj", "{A63FF51E-23F6-4217-8422-95E6EE211505}"
EndProject
Global
	GlobalSection(SolutionConfigurationPlatforms) = preSolution
		Debug|Any CPU = Debug|Any CPU
		Release|Any CPU = Release|Any CPU
	EndGlobalSection
	GlobalSection(ProjectConfigurationPlatforms) = postSolution
		{A63FF51E-23F6-4217-8422-95E6EE211505}.Debug|Any CPU.ActiveCfg = Debug|Any CPU
		{A63FF51E-23F6-4217-8422-95E6EE211505}.Debug|Any CPU.Build.0 = Debug|Any CPU
		{A63FF51E-23F6-4217-8422-95E6EE211505}.Release|Any CPU.ActiveCfg = Release|Any CPU
		{A63FF51E-23F6-4217-8422-95E6EE211505}.Release|Any CPU.Build.0 = Release|Any CPU
	EndGlobalSection
	GlobalSection(SolutionProperties) = preSolution
		HideSolutionNode = FALSE
	EndGlobalSection
	GlobalSection(ExtensibilityGlobals) = postSolution
		SolutionGuid = {FFAB71D8-3DCA-41B7-B34E-19C1CC65300D}
	EndGlobalSection
EndGlobal
