
Microsoft Visual Studio Solution File, Format Version 12.00
# Visual Studio Version 17
VisualStudioVersion = 17.8.34316.72
MinimumVisualStudioVersion = 10.0.40219.1
Project("{FAE04EC0-301F-11D3-BF4B-00C04F79EFBC}") = "HideEmail", "HideEmail.csproj", "{E9E056F1-6051-42B2-851C-3E93193D0820}"
EndProject
Global
	GlobalSection(SolutionConfigurationPlatforms) = preSolution
		Debug|Any CPU = Debug|Any CPU
		Release|Any CPU = Release|Any CPU
	EndGlobalSection
	GlobalSection(ProjectConfigurationPlatforms) = postSolution
		{E9E056F1-6051-42B2-851C-3E93193D0820}.Debug|Any CPU.ActiveCfg = Debug|Any CPU
		{E9E056F1-6051-42B2-851C-3E93193D0820}.Debug|Any CPU.Build.0 = Debug|Any CPU
		{E9E056F1-6051-42B2-851C-3E93193D0820}.Release|Any CPU.ActiveCfg = Release|Any CPU
		{E9E056F1-6051-42B2-851C-3E93193D0820}.Release|Any CPU.Build.0 = Release|Any CPU
	EndGlobalSection
	GlobalSection(SolutionProperties) = preSolution
		HideSolutionNode = FALSE
	EndGlobalSection
	GlobalSection(ExtensibilityGlobals) = postSolution
		SolutionGuid = {867E1246-8E21-418F-B0C7-037B0D402677}
	EndGlobalSection
EndGlobal
